
Microsoft Visual Studio Solution File, Format Version 12.00
# Visual Studio 15
VisualStudioVersion = 15.0.28010.2016
MinimumVisualStudioVersion = 10.0.40219.1
Project("{9A19103F-16F7-4668-BE54-9A1E7A4F7556}") = "IMDB.Services", "IMDB.Services\IMDB.Services.csproj", "{4D76EE75-517F-4793-A800-AC6488ECD30F}"
EndProject
Project("{9A19103F-16F7-4668-BE54-9A1E7A4F7556}") = "IMDB.Data", "IMDB.Data\IMDB.Data.csproj", "{5839DFE0-7707-4500-98D8-54588E1F9C8D}"
EndProject
Project("{9A19103F-16F7-4668-BE54-9A1E7A4F7556}") = "IMDB.Tests", "IMDB.Tests\IMDB.Tests.csproj", "{87CE198D-EF9D-4F27-8F59-CAB475AF838D}"
EndProject
Project("{FAE04EC0-301F-11D3-BF4B-00C04F79EFBC}") = "IMDB.Web", "IMDB.Web\IMDB.Web.csproj", "{2A3A4393-3143-492F-AE5F-B17983D65C2B}"
EndProject
Global
	GlobalSection(SolutionConfigurationPlatforms) = preSolution
		Debug|Any CPU = Debug|Any CPU
		Release|Any CPU = Release|Any CPU
	EndGlobalSection
	GlobalSection(ProjectConfigurationPlatforms) = postSolution
		{4D76EE75-517F-4793-A800-AC6488ECD30F}.Debug|Any CPU.ActiveCfg = Debug|Any CPU
		{4D76EE75-517F-4793-A800-AC6488ECD30F}.Debug|Any CPU.Build.0 = Debug|Any CPU
		{4D76EE75-517F-4793-A800-AC6488ECD30F}.Release|Any CPU.ActiveCfg = Release|Any CPU
		{4D76EE75-517F-4793-A800-AC6488ECD30F}.Release|Any CPU.Build.0 = Release|Any CPU
		{5839DFE0-7707-4500-98D8-54588E1F9C8D}.Debug|Any CPU.ActiveCfg = Debug|Any CPU
		{5839DFE0-7707-4500-98D8-54588E1F9C8D}.Debug|Any CPU.Build.0 = Debug|Any CPU
		{5839DFE0-7707-4500-98D8-54588E1F9C8D}.Release|Any CPU.ActiveCfg = Release|Any CPU
		{5839DFE0-7707-4500-98D8-54588E1F9C8D}.Release|Any CPU.Build.0 = Release|Any CPU
		{87CE198D-EF9D-4F27-8F59-CAB475AF838D}.Debug|Any CPU.ActiveCfg = Debug|Any CPU
		{87CE198D-EF9D-4F27-8F59-CAB475AF838D}.Debug|Any CPU.Build.0 = Debug|Any CPU
		{87CE198D-EF9D-4F27-8F59-CAB475AF838D}.Release|Any CPU.ActiveCfg = Release|Any CPU
		{87CE198D-EF9D-4F27-8F59-CAB475AF838D}.Release|Any CPU.Build.0 = Release|Any CPU
		{2A3A4393-3143-492F-AE5F-B17983D65C2B}.Debug|Any CPU.ActiveCfg = Debug|Any CPU
		{2A3A4393-3143-492F-AE5F-B17983D65C2B}.Debug|Any CPU.Build.0 = Debug|Any CPU
		{2A3A4393-3143-492F-AE5F-B17983D65C2B}.Release|Any CPU.ActiveCfg = Release|Any CPU
		{2A3A4393-3143-492F-AE5F-B17983D65C2B}.Release|Any CPU.Build.0 = Release|Any CPU
	EndGlobalSection
	GlobalSection(SolutionProperties) = preSolution
		HideSolutionNode = FALSE
	EndGlobalSection
	GlobalSection(ExtensibilityGlobals) = postSolution
		SolutionGuid = {00999AA7-2C57-4F9C-B866-8DAFE43BE30B}
	EndGlobalSection
EndGlobal
